# This file is automatically @generated by Cargo.
# It is not intended for manual editing.
version = 3

[[package]]
name = "cgp"
version = "0.1.0"
source = "git+https://github.com/contextgeneric/cgp.git#4e2821ebf61358b381f3e1e0f84df56cad7b6145"
dependencies = [
 "cgp-core",
 "cgp-extra",
]

[[package]]
name = "cgp-async"
version = "0.1.0"
source = "git+https://github.com/contextgeneric/cgp.git#4e2821ebf61358b381f3e1e0f84df56cad7b6145"
dependencies = [
 "cgp-async-macro",
]

[[package]]
name = "cgp-async-macro"
version = "0.1.0"
source = "git+https://github.com/contextgeneric/cgp.git#4e2821ebf61358b381f3e1e0f84df56cad7b6145"
dependencies = [
 "proc-macro2",
 "quote",
 "syn",
]

[[package]]
name = "cgp-component"
version = "0.1.0"
source = "git+https://github.com/contextgeneric/cgp.git#4e2821ebf61358b381f3e1e0f84df56cad7b6145"
dependencies = [
 "cgp-async",
 "cgp-component-macro",
]

[[package]]
name = "cgp-component-macro"
version = "0.1.0"
source = "git+https://github.com/contextgeneric/cgp.git#4e2821ebf61358b381f3e1e0f84df56cad7b6145"
dependencies = [
 "cgp-component-macro-lib",
 "proc-macro2",
]

[[package]]
name = "cgp-component-macro-lib"
version = "0.1.0"
source = "git+https://github.com/contextgeneric/cgp.git#4e2821ebf61358b381f3e1e0f84df56cad7b6145"
dependencies = [
 "itertools",
 "prettyplease",
 "proc-macro2",
 "quote",
 "syn",
]

[[package]]
name = "cgp-core"
version = "0.1.0"
source = "git+https://github.com/contextgeneric/cgp.git#4e2821ebf61358b381f3e1e0f84df56cad7b6145"
dependencies = [
 "cgp-async",
 "cgp-component",
 "cgp-error",
 "cgp-field",
 "cgp-inner",
 "cgp-type",
]

[[package]]
name = "cgp-error"
version = "0.1.0"
source = "git+https://github.com/contextgeneric/cgp.git#4e2821ebf61358b381f3e1e0f84df56cad7b6145"
dependencies = [
 "cgp-async",
 "cgp-component",
 "cgp-type",
]

[[package]]
name = "cgp-extra"
version = "0.1.0"
source = "git+https://github.com/contextgeneric/cgp.git#4e2821ebf61358b381f3e1e0f84df56cad7b6145"
dependencies = [
 "cgp-run",
]

[[package]]
name = "cgp-field"
version = "0.1.0"
source = "git+https://github.com/contextgeneric/cgp.git#4e2821ebf61358b381f3e1e0f84df56cad7b6145"
dependencies = [
 "cgp-component",
 "cgp-field-macro",
 "cgp-type",
]

[[package]]
name = "cgp-field-macro"
version = "0.1.0"
source = "git+https://github.com/contextgeneric/cgp.git#4e2821ebf61358b381f3e1e0f84df56cad7b6145"
dependencies = [
 "cgp-field-macro-lib",
 "proc-macro2",
]

[[package]]
name = "cgp-field-macro-lib"
version = "0.1.0"
source = "git+https://github.com/contextgeneric/cgp.git#4e2821ebf61358b381f3e1e0f84df56cad7b6145"
dependencies = [
 "itertools",
 "prettyplease",
 "proc-macro2",
 "quote",
 "syn",
]

[[package]]
name = "cgp-inner"
version = "0.1.0"
source = "git+https://github.com/contextgeneric/cgp.git#4e2821ebf61358b381f3e1e0f84df56cad7b6145"
dependencies = [
 "cgp-async",
 "cgp-component",
]

[[package]]
name = "cgp-run"
version = "0.1.0"
source = "git+https://github.com/contextgeneric/cgp.git#4e2821ebf61358b381f3e1e0f84df56cad7b6145"
dependencies = [
 "cgp-async",
 "cgp-component",
 "cgp-error",
]

[[package]]
name = "cgp-type"
version = "0.1.0"
source = "git+https://github.com/contextgeneric/cgp.git#4e2821ebf61358b381f3e1e0f84df56cad7b6145"
dependencies = [
 "cgp-component",
]

[[package]]
name = "either"
version = "1.13.0"
source = "registry+https://github.com/rust-lang/crates.io-index"
checksum = "60b1af1c220855b6ceac025d3f6ecdd2b7c4894bfe9cd9bda4fbb4bc7c0d4cf0"

[[package]]
name = "hermes-chain-components"
version = "0.1.0"
source = "git+https://github.com/informalsystems/hermes-sdk.git#7f4e3d63c93383b26f983c4f9d828aab8aac033d"
dependencies = [
 "cgp",
 "hermes-chain-type-components",
 "hermes-encoding-components",
 "hermes-runtime-components",
]

[[package]]
name = "hermes-chain-type-components"
version = "0.1.0"
source = "git+https://github.com/informalsystems/hermes-sdk.git#7f4e3d63c93383b26f983c4f9d828aab8aac033d"
dependencies = [
 "cgp",
]

[[package]]
name = "hermes-encoding-components"
version = "0.1.0"
source = "git+https://github.com/informalsystems/hermes-sdk.git#7f4e3d63c93383b26f983c4f9d828aab8aac033d"
dependencies = [
 "cgp",
]

[[package]]
name = "hermes-ethereum-chain-components"
version = "0.1.0"
dependencies = [
 "cgp",
 "hermes-chain-components",
 "hermes-chain-type-components",
 "hermes-encoding-components",
 "hermes-relayer-components",
 "hermes-runtime-components",
 "hermes-test-components",
]

[[package]]
name = "hermes-logging-components"
version = "0.1.0"
source = "git+https://github.com/informalsystems/hermes-sdk.git#7f4e3d63c93383b26f983c4f9d828aab8aac033d"
dependencies = [
 "cgp",
]

[[package]]
name = "hermes-relayer-components"
version = "0.1.0"
source = "git+https://github.com/informalsystems/hermes-sdk.git#7f4e3d63c93383b26f983c4f9d828aab8aac033d"
dependencies = [
 "cgp",
 "hermes-chain-components",
 "hermes-chain-type-components",
 "hermes-encoding-components",
 "hermes-logging-components",
 "hermes-runtime-components",
]

[[package]]
name = "hermes-relayer-components-extra"
version = "0.1.0"
source = "git+https://github.com/informalsystems/hermes-sdk.git#7f4e3d63c93383b26f983c4f9d828aab8aac033d"
dependencies = [
 "cgp",
 "hermes-chain-type-components",
 "hermes-logging-components",
 "hermes-relayer-components",
 "hermes-runtime-components",
]

[[package]]
name = "hermes-runtime-components"
version = "0.1.0"
source = "git+https://github.com/informalsystems/hermes-sdk.git#7f4e3d63c93383b26f983c4f9d828aab8aac033d"
dependencies = [
 "cgp",
]

[[package]]
name = "hermes-test-components"
version = "0.1.0"
source = "git+https://github.com/informalsystems/hermes-sdk.git#7f4e3d63c93383b26f983c4f9d828aab8aac033d"
dependencies = [
 "cgp",
 "hermes-chain-type-components",
 "hermes-relayer-components",
 "hermes-relayer-components-extra",
 "hermes-runtime-components",
]

[[package]]
name = "itertools"
version = "0.11.0"
source = "registry+https://github.com/rust-lang/crates.io-index"
checksum = "b1c173a5686ce8bfa551b3563d0c2170bf24ca44da99c7ca4bfdab5418c3fe57"
dependencies = [
 "either",
]

[[package]]
name = "prettyplease"
version = "0.2.25"
source = "registry+https://github.com/rust-lang/crates.io-index"
checksum = "64d1ec885c64d0457d564db4ec299b2dae3f9c02808b8ad9c3a089c591b18033"
dependencies = [
 "proc-macro2",
 "syn",
]

[[package]]
name = "proc-macro2"
version = "1.0.89"
source = "registry+https://github.com/rust-lang/crates.io-index"
checksum = "f139b0662de085916d1fb67d2b4169d1addddda1919e696f3252b740b629986e"
dependencies = [
 "unicode-ident",
]

[[package]]
name = "quote"
version = "1.0.37"
source = "registry+https://github.com/rust-lang/crates.io-index"
checksum = "b5b9d34b8991d19d98081b46eacdd8eb58c6f2b201139f7c5f643cc155a633af"
dependencies = [
 "proc-macro2",
]

[[package]]
name = "syn"
version = "2.0.87"
source = "registry+https://github.com/rust-lang/crates.io-index"
checksum = "25aa4ce346d03a6dcd68dd8b4010bcb74e54e62c90c573f394c46eae99aba32d"
dependencies = [
 "proc-macro2",
 "quote",
 "unicode-ident",
]

[[package]]
name = "unicode-ident"
version = "1.0.13"
source = "registry+https://github.com/rust-lang/crates.io-index"
checksum = "e91b56cd4cadaeb79bbf1a5645f6b4f8dc5bde8834ad5894a8db35fda9efa1fe"

[[patch.unused]]
name = "hermes-any-counterparty"
version = "0.1.0"
source = "git+https://github.com/informalsystems/hermes-sdk.git#7f4e3d63c93383b26f983c4f9d828aab8aac033d"

[[patch.unused]]
name = "hermes-async-runtime-components"
version = "0.1.0"
source = "git+https://github.com/informalsystems/hermes-sdk.git#7f4e3d63c93383b26f983c4f9d828aab8aac033d"

[[patch.unused]]
name = "hermes-cli-components"
version = "0.1.0"
source = "git+https://github.com/informalsystems/hermes-sdk.git#7f4e3d63c93383b26f983c4f9d828aab8aac033d"

[[patch.unused]]
name = "hermes-cosmos-chain-components"
version = "0.1.0"
source = "git+https://github.com/informalsystems/hermes-sdk.git#7f4e3d63c93383b26f983c4f9d828aab8aac033d"

[[patch.unused]]
name = "hermes-cosmos-encoding-components"
version = "0.1.0"
source = "git+https://github.com/informalsystems/hermes-sdk.git#7f4e3d63c93383b26f983c4f9d828aab8aac033d"

[[patch.unused]]
name = "hermes-cosmos-integration-tests"
version = "0.1.0"
source = "git+https://github.com/informalsystems/hermes-sdk.git#7f4e3d63c93383b26f983c4f9d828aab8aac033d"

[[patch.unused]]
name = "hermes-cosmos-relayer"
version = "0.1.0"
source = "git+https://github.com/informalsystems/hermes-sdk.git#7f4e3d63c93383b26f983c4f9d828aab8aac033d"

[[patch.unused]]
name = "hermes-cosmos-test-components"
version = "0.1.0"
source = "git+https://github.com/informalsystems/hermes-sdk.git#7f4e3d63c93383b26f983c4f9d828aab8aac033d"

[[patch.unused]]
name = "hermes-cosmos-wasm-relayer"
version = "0.1.0"
source = "git+https://github.com/informalsystems/hermes-sdk.git#7f4e3d63c93383b26f983c4f9d828aab8aac033d"

[[patch.unused]]
name = "hermes-error"
version = "0.1.0"
source = "git+https://github.com/informalsystems/hermes-sdk.git#7f4e3d63c93383b26f983c4f9d828aab8aac033d"

[[patch.unused]]
name = "hermes-ibc-test-suite"
version = "0.1.0"
source = "git+https://github.com/informalsystems/hermes-sdk.git#7f4e3d63c93383b26f983c4f9d828aab8aac033d"

[[patch.unused]]
name = "hermes-logger"
version = "0.1.0"
source = "git+https://github.com/informalsystems/hermes-sdk.git#7f4e3d63c93383b26f983c4f9d828aab8aac033d"

[[patch.unused]]
name = "hermes-protobuf-encoding-components"
version = "0.1.0"
source = "git+https://github.com/informalsystems/hermes-sdk.git#7f4e3d63c93383b26f983c4f9d828aab8aac033d"

[[patch.unused]]
name = "hermes-runtime"
version = "0.1.0"
source = "git+https://github.com/informalsystems/hermes-sdk.git#7f4e3d63c93383b26f983c4f9d828aab8aac033d"

[[patch.unused]]
name = "hermes-tokio-runtime-components"
version = "0.1.0"
source = "git+https://github.com/informalsystems/hermes-sdk.git#7f4e3d63c93383b26f983c4f9d828aab8aac033d"

[[patch.unused]]
name = "hermes-tracing-logging-components"
version = "0.1.0"
source = "git+https://github.com/informalsystems/hermes-sdk.git#7f4e3d63c93383b26f983c4f9d828aab8aac033d"

[[patch.unused]]
name = "hermes-wasm-client-components"
version = "0.1.0"
source = "git+https://github.com/informalsystems/hermes-sdk.git#7f4e3d63c93383b26f983c4f9d828aab8aac033d"

[[patch.unused]]
name = "hermes-wasm-encoding-components"
version = "0.1.0"
source = "git+https://github.com/informalsystems/hermes-sdk.git#7f4e3d63c93383b26f983c4f9d828aab8aac033d"

[[patch.unused]]
name = "hermes-wasm-test-components"
version = "0.1.0"
source = "git+https://github.com/informalsystems/hermes-sdk.git#7f4e3d63c93383b26f983c4f9d828aab8aac033d"

[[patch.unused]]
name = "ibc-relayer"
version = "0.29.3"
source = "git+https://github.com/informalsystems/hermes.git#f5b58dbce3b1d2763037d3017b485e613128f6dc"

[[patch.unused]]
name = "ibc-relayer-types"
version = "0.29.3"
source = "git+https://github.com/informalsystems/hermes.git#f5b58dbce3b1d2763037d3017b485e613128f6dc"

[[patch.unused]]
name = "ibc-telemetry"
version = "0.29.3"
source = "git+https://github.com/informalsystems/hermes.git#f5b58dbce3b1d2763037d3017b485e613128f6dc"
